<?xml version="1.0" encoding="utf-8"?>
<Project ToolsVersion="4.0" xmlns="http://schemas.microsoft.com/developer/msbuild/2003">
  <ItemGroup>
    <Filter Include="소스 파일">
      <UniqueIdentifier>{4FC737F1-C7A5-4376-A066-2A32D752A2FF}</UniqueIdentifier>
      <Extensions>cpp;c;cc;cxx;c++;cppm;ixx;def;odl;idl;hpj;bat;asm;asmx</Extensions>
    </Filter>
    <Filter Include="헤더 파일">
      <UniqueIdentifier>{93995380-89BD-4b04-88EB-625FBE52EBFB}</UniqueIdentifier>
      <Extensions>h;hh;hpp;hxx;h++;hm;inl;inc;ipp;xsd</Extensions>
    </Filter>
    <Filter Include="리소스 파일">
      <UniqueIdentifier>{67DA6AB6-F800-4c08-8B7A-83BB121AAD01}</UniqueIdentifier>
      <Extensions>rc;ico;cur;bmp;dlg;rc2;rct;bin;rgs;gif;jpg;jpeg;jpe;resx;tiff;tif;png;wav;mfcribbon-ms</Extensions>
    </Filter>
    <Filter Include="소스 파일\practice">
      <UniqueIdentifier>{941b6ebc-9390-4e48-aebb-07f093f35f03}</UniqueIdentifier>
    </Filter>
    <Filter Include="소스 파일\homework">
      <UniqueIdentifier>{6ba0a4d1-aa2b-4ca9-9719-45d7ef8c6389}</UniqueIdentifier>
    </Filter>
  </ItemGroup>
  <ItemGroup>
    <ClCompile Include="311.c">
      <Filter>소스 파일\practice</Filter>
    </ClCompile>
    <ClCompile Include="312.c">
      <Filter>소스 파일\practice</Filter>
    </ClCompile>
    <ClCompile Include="313.c">
      <Filter>소스 파일\practice</Filter>
    </ClCompile>
    <ClCompile Include="312_2.c">
      <Filter>소스 파일\practice</Filter>
    </ClCompile>
    <ClCompile Include="314.c">
      <Filter>소스 파일\practice</Filter>
    </ClCompile>
    <ClCompile Include="314_2.c">
      <Filter>소스 파일\practice</Filter>
    </ClCompile>
    <ClCompile Include="323.c">
      <Filter>소스 파일\practice</Filter>
    </ClCompile>
    <ClCompile Include="324.c">
      <Filter>소스 파일\practice</Filter>
    </ClCompile>
    <ClCompile Include="324_2.c">
      <Filter>소스 파일\practice</Filter>
    </ClCompile>
    <ClCompile Include="325.c">
      <Filter>소스 파일\practice</Filter>
    </ClCompile>
    <ClCompile Include="1_1.c">
      <Filter>소스 파일\homework</Filter>
    </ClCompile>
    <ClCompile Include="1_2.c">
      <Filter>소스 파일\homework</Filter>
    </ClCompile>
    <ClCompile Include="1_3.c">
      <Filter>소스 파일\homework</Filter>
    </ClCompile>
    <ClCompile Include="1_4.c">
      <Filter>소스 파일\homework</Filter>
    </ClCompile>
    <ClCompile Include="1_5.c">
      <Filter>소스 파일\homework</Filter>
    </ClCompile>
    <ClCompile Include="1_6.c">
      <Filter>소스 파일\homework</Filter>
    </ClCompile>
    <ClCompile Include="2_1.c">
      <Filter>소스 파일\homework</Filter>
    </ClCompile>
    <ClCompile Include="2_4.c">
      <Filter>소스 파일\homework</Filter>
    </ClCompile>
    <ClCompile Include="3_1.c">
      <Filter>소스 파일\homework</Filter>
    </ClCompile>
    <ClCompile Include="3_2.c">
      <Filter>소스 파일\homework</Filter>
    </ClCompile>
    <ClCompile Include="3_3.c">
      <Filter>소스 파일\homework</Filter>
    </ClCompile>
    <ClCompile Include="3_4.c">
      <Filter>소스 파일\homework</Filter>
    </ClCompile>
    <ClCompile Include="3_6.c">
      <Filter>소스 파일\homework</Filter>
    </ClCompile>
    <ClCompile Include="3_7.c">
      <Filter>소스 파일\homework</Filter>
    </ClCompile>
    <ClCompile Include="3_8.c">
      <Filter>소스 파일\homework</Filter>
    </ClCompile>
    <ClCompile Include="3_9.c">
      <Filter>소스 파일\homework</Filter>
    </ClCompile>
    <ClCompile Include="325_2.c">
      <Filter>소스 파일\practice</Filter>
    </ClCompile>
    <ClCompile Include="330.c">
      <Filter>소스 파일\practice</Filter>
    </ClCompile>
    <ClCompile Include="412.c">
      <Filter>소스 파일\practice</Filter>
    </ClCompile>
    <ClCompile Include="412_2.c">
      <Filter>소스 파일\practice</Filter>
    </ClCompile>
    <ClCompile Include="421.c">
      <Filter>소스 파일\practice</Filter>
    </ClCompile>
    <ClCompile Include="3_10.c">
      <Filter>소스 파일\homework</Filter>
    </ClCompile>
  </ItemGroup>
</Project>